{
    "_meta": {
        "hash": {
            "sha256": "db5f8382bcd527b10dfdc557ad6dae2bad9f624d3105cfe3cdf00bdb9b59db86"
        },
        "pipfile-spec": 6,
        "requires": {
            "python_version": "3.7"
        },
        "sources": [
            {
                "name": "pypi",
                "url": "https://pypi.org/simple",
                "verify_ssl": true
            }
        ]
    },
    "default": {
        "numpy": {
            "hashes": [
                "sha256:03bbde29ac8fba860bb2c53a1525b3604a9b60417855ac3119d89868ec6041c3",
                "sha256:1baefd1fb4695e7f2e305467dbd876d765e6edd30c522894df76f8301efaee36",
                "sha256:1c35fb1131362e6090d30286cfda52ddd42e69d3e2bf1fea190a0fad83ea3a18",
                "sha256:3c68c827689ca0ca713dba598335073ce0966850ec0b30715527dce4ecd84055",
                "sha256:443ab93fc35b31f01db8704681eb2fd82f3a1b2fa08eed2dd0e71f1f57423d4a",
                "sha256:56710a756c5009af9f35b91a22790701420406d9ac24cf6b652b0e22cfbbb7ff",
                "sha256:62506e9e4d2a39c87984f081a2651d4282a1d706b1a82fe9d50a559bb58e705a",
                "sha256:6f8113c8dbfc192b58996ee77333696469ea121d1c44ea429d8fd266e4c6be51",
                "sha256:712f0c32555132f4b641b918bdb1fd3c692909ae916a233ce7f50eac2de87e37",
                "sha256:854f6ed4fa91fa6da5d764558804ba5b0f43a51e5fe9fc4fdc93270b052f188a",
                "sha256:88c5ccbc4cadf39f32193a5ef22e3f84674418a9fd877c63322917ae8f295a56",
                "sha256:905cd6fa6ac14654a6a32b21fad34670e97881d832e24a3ca32e19b455edb4a8",
                "sha256:9d6de2ad782aae68f7ed0e0e616477fbf693d6d7cc5f0f1505833ff12f84a673",
                "sha256:a30f5c3e1b1b5d16ec1f03f4df28e08b8a7529d8c920bbed657f4fde61f1fbcd",
                "sha256:a9d72d9abaf65628f0f31bbb573b7d9304e43b1e6bbae43149c17737a42764c4",
                "sha256:ac3cf835c334fcc6b74dc4e630f9b5ff7b4c43f7fb2a7813208d95d4e10b5623",
                "sha256:b091e5d4cbbe79f0e8b6b6b522346e54a282eadb06e3fd761e9b6fafc2ca91ad",
                "sha256:cc070fc43a494e42732d6ae2f6621db040611c1dde64762a40c8418023af56d7",
                "sha256:e1080e37c090534adb2dd7ae1c59ee883e5d8c3e63d2a4d43c20ee348d0459c5",
                "sha256:f084d513de729ff10cd72a1f80db468cff464fedb1ef2fea030221a0f62d7ff4",
                "sha256:f6a7421da632fc01e8a3ecd19c3f7350258d82501a646747664bae9c6a87c731"
            ],
            "index": "pypi",
            "version": "==1.18.0"
        },
        "pillow": {
            "hashes": [
                "sha256:0a628977ac2e01ca96aaae247ec2bd38e729631ddf2221b4b715446fd45505be",
                "sha256:4d9ed9a64095e031435af120d3c910148067087541131e82b3e8db302f4c8946",
                "sha256:54ebae163e8412aff0b9df1e88adab65788f5f5b58e625dc5c7f51eaf14a6837",
                "sha256:5bfef0b1cdde9f33881c913af14e43db69815c7e8df429ceda4c70a5e529210f",
                "sha256:5f3546ceb08089cedb9e8ff7e3f6a7042bb5b37c2a95d392fb027c3e53a2da00",
                "sha256:5f7ae9126d16194f114435ebb79cc536b5682002a4fa57fa7bb2cbcde65f2f4d",
                "sha256:62a889aeb0a79e50ecf5af272e9e3c164148f4bd9636cc6bcfa182a52c8b0533",
                "sha256:7406f5a9b2fd966e79e6abdaf700585a4522e98d6559ce37fc52e5c955fade0a",
                "sha256:8453f914f4e5a3d828281a6628cf517832abfa13ff50679a4848926dac7c0358",
                "sha256:87269cc6ce1e3dee11f23fa515e4249ae678dbbe2704598a51cee76c52e19cda",
                "sha256:875358310ed7abd5320f21dd97351d62de4929b0426cdb1eaa904b64ac36b435",
                "sha256:8ac6ce7ff3892e5deaab7abaec763538ffd011f74dc1801d93d3c5fc541feee2",
                "sha256:91b710e3353aea6fc758cdb7136d9bbdcb26b53cefe43e2cba953ac3ee1d3313",
                "sha256:9d2ba4ed13af381233e2d810ff3bab84ef9f18430a9b336ab69eaf3cd24299ff",
                "sha256:a62ec5e13e227399be73303ff301f2865bf68657d15ea50b038d25fc41097317",
                "sha256:ab76e5580b0ed647a8d8d2d2daee170e8e9f8aad225ede314f684e297e3643c2",
                "sha256:bf4003aa538af3f4205c5fac56eacaa67a6dd81e454ffd9e9f055fff9f1bc614",
                "sha256:bf598d2e37cf8edb1a2f26ed3fb255191f5232badea4003c16301cb94ac5bdd0",
                "sha256:c18f70dc27cc5d236f10e7834236aff60aadc71346a5bc1f4f83a4b3abee6386",
                "sha256:c5ed816632204a2fc9486d784d8e0d0ae754347aba99c811458d69fcdfd2a2f9",
                "sha256:dc058b7833184970d1248135b8b0ab702e6daa833be14035179f2acb78ff5636",
                "sha256:ff3797f2f16bf9d17d53257612da84dd0758db33935777149b3334c01ff68865"
            ],
            "index": "pypi",
            "version": "==7.0.0"
        }
    },
    "develop": {
        "attrs": {
            "hashes": [
                "sha256:29adc2665447e5191d0e7c568fde78b21f9672d344281d0c6e1ab085429b22b6",
                "sha256:86efa402f67bf2df34f51a335487cf46b1ec130d02b8d39fd248abfd30da551c"
            ],
            "markers": "python_version >= '3.5'",
            "version": "==22.1.0"
        },
        "black": {
            "hashes": [
                "sha256:14ff67aec0a47c424bc99b71005202045dc09270da44a27848d534600ac64fc7",
                "sha256:197df8509263b0b8614e1df1756b1dd41be6738eed2ba9e9769f3880c2b9d7b6",
                "sha256:1e464456d24e23d11fced2bc8c47ef66d471f845c7b7a42f3bd77bf3d1789650",
                "sha256:2039230db3c6c639bd84efe3292ec7b06e9214a2992cd9beb293d639c6402edb",
                "sha256:21199526696b8f09c3997e2b4db8d0b108d801a348414264d2eb8eb2532e540d",
                "sha256:2644b5d63633702bc2c5f3754b1b475378fbbfb481f62319388235d0cd104c2d",
                "sha256:432247333090c8c5366e69627ccb363bc58514ae3e63f7fc75c54b1ea80fa7de",
                "sha256:444ebfb4e441254e87bad00c661fe32df9969b2bf224373a448d8aca2132b395",
                "sha256:5b9b29da4f564ba8787c119f37d174f2b69cdfdf9015b7d8c5c16121ddc054ae",
                "sha256:5cc42ca67989e9c3cf859e84c2bf014f6633db63d1cbdf8fdb666dcd9e77e3fa",
                "sha256:5d8f74030e67087b219b032aa33a919fae8806d49c867846bfacde57f43972ef",
                "sha256:72ef3925f30e12a184889aac03d77d031056860ccae8a1e519f6cbb742736383",
                "sha256:819dc789f4498ecc91438a7de64427c73b45035e2e3680c92e18795a839ebb66",
                "sha256:915ace4ff03fdfff953962fa672d44be269deb2eaf88499a0f8805221bc68c87",
                "sha256:9311e99228ae10023300ecac05be5a296f60d2fd10fff31cf5c1fa4ca4b1988d",
                "sha256:974308c58d057a651d182208a484ce80a26dac0caef2895836a92dd6ebd725e0",
                "sha256:b8b49776299fece66bffaafe357d929ca9451450f5466e997a7285ab0fe28e3b",
                "sha256:c957b2b4ea88587b46cf49d1dc17681c1e672864fd7af32fc1e9664d572b3458",
                "sha256:e41a86c6c650bcecc6633ee3180d80a025db041a8e2398dcc059b3afa8382cd4",
                "sha256:f513588da599943e0cde4e32cc9879e825d58720d6557062d1098c5ad80080e1",
                "sha256:fba8a281e570adafb79f7755ac8721b6cf1bbf691186a287e990c7929c7692ff"
            ],
            "index": "pypi",
            "version": "==22.10.0"
        },
        "click": {
            "hashes": [
                "sha256:7682dc8afb30297001674575ea00d1814d808d6a36af415a82bd481d37ba7b8e",
                "sha256:bb4d8133cb15a609f44e8213d9b391b0809795062913b383c62be0ee95b1db48"
            ],
            "markers": "python_version >= '3.7'",
            "version": "==8.1.3"
        },
        "more-itertools": {
            "hashes": [
                "sha256:250e83d7e81d0c87ca6bd942e6aeab8cc9daa6096d12c5308f3f92fa5e5c1f41",
                "sha256:5a6257e40878ef0520b1803990e3e22303a41b5714006c32a3fd8304b26ea1ab"
            ],
            "markers": "python_version >= '3.7'",
            "version": "==9.0.0"
        },
        "mypy-extensions": {
            "hashes": [
                "sha256:090fedd75945a69ae91ce1303b5824f428daf5a028d2f6ab8a299250a846f15d",
                "sha256:2d82818f5bb3e369420cb3c4060a7970edba416647068eb4c5343488a6c604a8"
            ],
            "version": "==0.4.3"
        },
        "packaging": {
            "hashes": [
                "sha256:dd47c42927d89ab911e606518907cc2d3a1f38bbd026385970643f9c5b8ecfeb",
                "sha256:ef103e05f519cdc783ae24ea4e2e0f508a9c99b2d4969652eed6a2e1ea5bd522"
            ],
            "markers": "python_version >= '3.6'",
            "version": "==21.3"
        },
        "pathspec": {
            "hashes": [
                "sha256:46846318467efc4556ccfd27816e004270a9eeeeb4d062ce5e6fc7a87c573f93",
                "sha256:7ace6161b621d31e7902eb6b5ae148d12cfd23f4a249b9ffb6b9fee12084323d"
            ],
            "markers": "python_version >= '3.7'",
            "version": "==0.10.1"
        },
        "platformdirs": {
            "hashes": [
                "sha256:027d8e83a2d7de06bbac4e5ef7e023c02b863d7ea5d079477e722bb41ab25788",
                "sha256:58c8abb07dcb441e6ee4b11d8df0ac856038f944ab98b7be6b27b2a3c7feef19"
            ],
            "markers": "python_version >= '3.7'",
            "version": "==2.5.2"
        },
        "pluggy": {
            "hashes": [
                "sha256:15b2acde666561e1298d71b523007ed7364de07029219b604cf808bfa1c765b0",
                "sha256:966c145cd83c96502c3c3868f50408687b38434af77734af1e9ca461a4081d2d"
            ],
            "markers": "python_version >= '2.7' and python_version not in '3.0, 3.1, 3.2, 3.3'",
            "version": "==0.13.1"
        },
        "py": {
            "hashes": [
                "sha256:21b81bda15b66ef5e1a777a21c4dcd9c20ad3efd0b3f817e7a809035269e1bd3",
                "sha256:3b80836aa6d1feeaa108e046da6423ab8f6ceda6468545ae8d02d9d58d18818a"
            ],
            "index": "pypi",
            "version": "==1.10.0"
        },
        "pyparsing": {
            "hashes": [
                "sha256:2b020ecf7d21b687f219b71ecad3631f644a47f01403fa1d1036b0c6416d70fb",
                "sha256:5026bae9a10eeaefb61dab2f09052b9f4307d44aee4eda64b309723d8d206bbc"
            ],
            "markers": "python_full_version >= '3.6.8'",
            "version": "==3.0.9"
        },
        "pytest": {
            "hashes": [
                "sha256:6b571215b5a790f9b41f19f3531c53a45cf6bb8ef2988bc1ff9afb38270b25fa",
                "sha256:e41d489ff43948babd0fad7ad5e49b8735d5d55e26628a58673c39ff61d95de4"
            ],
            "index": "pypi",
            "version": "==5.3.2"
        },
        "raytracer": {
            "editable": true,
            "path": "."
        },
        "sanitized-package": {
            "editable": true,
            "path": "."
        },
        "tomli": {
            "hashes": [
                "sha256:939de3e7a6161af0c887ef91b7d41a53e7c5a1ca976325f429cb46ea9bc30ecc",
                "sha256:de526c12914f0c550d15924c62d72abc48d6fe7364aa87328337a31007fe8a4f"
            ],
            "markers": "python_full_version < '3.11.0a7'",
            "version": "==2.0.1"
        },
        "typing-extensions": {
            "hashes": [
                "sha256:1511434bb92bf8dd198c12b1cc812e800d4181cfcb867674e0f8279cc93087aa",
                "sha256:16fa4864408f655d35ec496218b85f79b3437c829e93320c7c9215ccfd92489e"
            ],
            "markers": "python_version < '3.10'",
            "version": "==4.4.0"
        },
        "wcwidth": {
            "hashes": [
                "sha256:beb4802a9cebb9144e99086eff703a642a13d6a0052920003a230f3294bbe784",
                "sha256:c4d647b99872929fdb7bdcaa4fbe7f01413ed3d98077df798530e5b04f116c83"
            ],
            "version": "==0.2.5"
        }
    }
}
